lockfileVersion: '9.0'

settings:
  autoInstallPeers: true
  excludeLinksFromLockfile: false

importers:

  .:
    devDependencies:
      '@types/firefox-webext-browser':
        specifier: 143.0.0
        version: 143.0.0
      typescript:
        specifier: 6.0.3
        version: 6.0.3

packages:

  '@types/firefox-webext-browser@143.0.0':
    resolution: {integrity: sha512-865dYKMOP0CllFyHmgXV4IQgVL51OSQQCwSoihQ17EwugePKFSAZRc0EI+y7Ly4q7j5KyURlA7LgRpFieO4JOw==}

  typescript@6.0.3:
    resolution: {integrity: sha512-y2TvuxSZPDyQakkFRPZHKFm+KKVqIisdg9/CZwm9ftvKXLP8NRWj38/ODjNbr43SsoXqNuAisEf1GdCxqWcdBw==}
    engines: {node: '>=14.17'}
    hasBin: true

snapshots:

  '@types/firefox-webext-browser@143.0.0': {}

  typescript@6.0.3: {}
